
Microsoft Visual Studio Solution File, Format Version 12.00
# Visual Studio Version 17
VisualStudioVersion = 17.8.34316.72
MinimumVisualStudioVersion = 10.0.40219.1
Project("{FAE04EC0-301F-11D3-BF4B-00C04F79EFBC}") = "TodoApi", "TodoApi\TodoApi.csproj", "{3030C860-9A9F-4562-A85E-FF32053947F7}"
EndProject
Global
	GlobalSection(SolutionConfigurationPlatforms) = preSolution
		Debug|Any CPU = Debug|Any CPU
		Release|Any CPU = Release|Any CPU
	EndGlobalSection
	GlobalSection(ProjectConfigurationPlatforms) = postSolution
		{3030C860-9A9F-4562-A85E-FF32053947F7}.Debug|Any CPU.ActiveCfg = Debug|Any CPU
		{3030C860-9A9F-4562-A85E-FF32053947F7}.Debug|Any CPU.Build.0 = Debug|Any CPU
		{3030C860-9A9F-4562-A85E-FF32053947F7}.Release|Any CPU.ActiveCfg = Release|Any CPU
		{3030C860-9A9F-4562-A85E-FF32053947F7}.Release|Any CPU.Build.0 = Release|Any CPU
	EndGlobalSection
	GlobalSection(SolutionProperties) = preSolution
		HideSolutionNode = FALSE
	EndGlobalSection
	GlobalSection(ExtensibilityGlobals) = postSolution
		SolutionGuid = {F21068A9-B7AD-4E1B-A9BC-88D115FE179F}
	EndGlobalSection
EndGlobal
